// !$*UTF8*$!
{
	archiveVersion = 1;
	classes = {
	};
	objectVersion = 46;
	objects = {

/* Begin PBXBuildFile section */
		D8F9D7AF1DAFD2FC000371CA /* main.m in Sources */ = {isa = PBXBuildFile; fileRef = D8F9D7AE1DAFD2FC000371CA /* main.m */; };
		D8F9D7B21DAFD2FC000371CA /* AppDelegate.m in Sources */ = {isa = PBXBuildFile; fileRef = D8F9D7B11DAFD2FC000371CA /* AppDelegate.m */; };
		D8F9D7B51DAFD2FC000371CA /* FirstViewController.m in Sources */ = {isa = PBXBuildFile; fileRef = D8F9D7B41DAFD2FC000371CA /* FirstViewController.m */; };
		D8F9D7B81DAFD2FC000371CA /* SecondViewController.m in Sources */ = {isa = PBXBuildFile; fileRef = D8F9D7B71DAFD2FC000371CA /* SecondViewController.m */; };
		D8F9D7BB1DAFD2FC000371CA /* Main.storyboard in Resources */ = {isa = PBXBuildFile; fileRef = D8F9D7B91DAFD2FC000371CA /* Main.storyboard */; };
		D8F9D7BD1DAFD2FC000371CA /* Assets.xcassets in Resources */ = {isa = PBXBuildFile; fileRef = D8F9D7BC1DAFD2FC000371CA /* Assets.xcassets */; };
		D8F9D7C01DAFD2FC000371CA /* LaunchScreen.storyboard in Resources */ = {isa = PBXBuildFile; fileRef = D8F9D7BE1DAFD2FC000371CA /* LaunchScreen.storyboard */; };
		D8F9D7CB1DAFD2FC000371CA /* QLoanTests.m in Sources */ = {isa = PBXBuildFile; fileRef = D8F9D7CA1DAFD2FC000371CA /* QLoanTests.m */; };
		D8F9D7D61DAFD2FC000371CA /* QLoanUITests.m in Sources */ = {isa = PBXBuildFile; fileRef = D8F9D7D51DAFD2FC000371CA /* QLoanUITests.m */; };
/* End PBXBuildFile section */

/* Begin PBXContainerItemProxy section */
		D8F9D7C71DAFD2FC000371CA /* PBXContainerItemProxy */ = {
			isa = PBXContainerItemProxy;
			containerPortal = D8F9D7A21DAFD2FC000371CA /* Project object */;
			proxyType = 1;
			remoteGlobalIDString = D8F9D7A91DAFD2FC000371CA;
			remoteInfo = QLoan;
		};
		D8F9D7D21DAFD2FC000371CA /* PBXContainerItemProxy */ = {
			isa = PBXContainerItemProxy;
			containerPortal = D8F9D7A21DAFD2FC000371CA /* Project object */;
			proxyType = 1;
			remoteGlobalIDString = D8F9D7A91DAFD2FC000371CA;
			remoteInfo = QLoan;
		};
/* End PBXContainerItemProxy section */

/* Begin PBXFileReference section */
		D8F9D7AA1DAFD2FC000371CA /* QLoan.app */ = {isa = PBXFileReference; explicitFileType = wrapper.application; includeInIndex = 0; path = QLoan.app; sourceTree = BUILT_PRODUCTS_DIR; };
		D8F9D7AE1DAFD2FC000371CA /* main.m */ = {isa = PBXFileReference; lastKnownFileType = sourcecode.c.objc; path = main.m; sourceTree = "<group>"; };
		D8F9D7B01DAFD2FC000371CA /* AppDelegate.h */ = {isa = PBXFileReference; lastKnownFileType = sourcecode.c.h; path = AppDelegate.h; sourceTree = "<group>"; };
		D8F9D7B11DAFD2FC000371CA /* AppDelegate.m */ = {isa = PBXFileReference; lastKnownFileType = sourcecode.c.objc; path = AppDelegate.m; sourceTree = "<group>"; };
		D8F9D7B31DAFD2FC000371CA /* FirstViewController.h */ = {isa = PBXFileReference; lastKnownFileType = sourcecode.c.h; path = FirstViewController.h; sourceTree = "<group>"; };
		D8F9D7B41DAFD2FC000371CA /* FirstViewController.m */ = {isa = PBXFileReference; lastKnownFileType = sourcecode.c.objc; path = FirstViewController.m; sourceTree = "<group>"; };
		D8F9D7B61DAFD2FC000371CA /* SecondViewController.h */ = {isa = PBXFileReference; lastKnownFileType = sourcecode.c.h; path = SecondViewController.h; sourceTree = "<group>"; };
		D8F9D7B71DAFD2FC000371CA /* SecondViewController.m */ = {isa = PBXFileReference; lastKnownFileType = sourcecode.c.objc; path = SecondViewController.m; sourceTree = "<group>"; };
		D8F9D7BA1DAFD2FC000371CA /* Base */ = {isa = PBXFileReference; lastKnownFileType = file.storyboard; name = Base; path = Base.lproj/Main.storyboard; sourceTree = "<group>"; };
		D8F9D7BC1DAFD2FC000371CA /* Assets.xcassets */ = {isa = PBXFileReference; lastKnownFileType = folder.assetcatalog; path = Assets.xcassets; sourceTree = "<group>"; };
		D8F9D7BF1DAFD2FC000371CA /* Base */ = {isa = PBXFileReference; lastKnownFileType = file.storyboard; name = Base; path = Base.lproj/LaunchScreen.storyboard; sourceTree = "<group>"; };
		D8F9D7C11DAFD2FC000371CA /* Info.plist */ = {isa = PBXFileReference; lastKnownFileType = text.plist.xml; path = Info.plist; sourceTree = "<group>"; };
		D8F9D7C61DAFD2FC000371CA /* QLoanTests.xctest */ = {isa = PBXFileReference; explicitFileType = wrapper.cfbundle; includeInIndex = 0; path = QLoanTests.xctest; sourceTree = BUILT_PRODUCTS_DIR; };
		D8F9D7CA1DAFD2FC000371CA /* QLoanTests.m */ = {isa = PBXFileReference; lastKnownFileType = sourcecode.c.objc; path = QLoanTests.m; sourceTree = "<group>"; };
		D8F9D7CC1DAFD2FC000371CA /* Info.plist */ = {isa = PBXFileReference; lastKnownFileType = text.plist.xml; path = Info.plist; sourceTree = "<group>"; };
		D8F9D7D11DAFD2FC000371CA /* QLoanUITests.xctest */ = {isa = PBXFileReference; explicitFileType = wrapper.cfbundle; includeInIndex = 0; path = QLoanUITests.xctest; sourceTree = BUILT_PRODUCTS_DIR; };
		D8F9D7D51DAFD2FC000371CA /* QLoanUITests.m */ = {isa = PBXFileReference; lastKnownFileType = sourcecode.c.objc; path = QLoanUITests.m; sourceTree = "<group>"; };
		D8F9D7D71DAFD2FC000371CA /* Info.plist */ = {isa = PBXFileReference; lastKnownFileType = text.plist.xml; path = Info.plist; sourceTree = "<group>"; };
/* End PBXFileReference section */

/* Begin PBXFrameworksBuildPhase section */
		D8F9D7A71DAFD2FC000371CA /* Frameworks */ = {
			isa = PBXFrameworksBuildPhase;
			buildActionMask = 2147483647;
			files = (
			);
			runOnlyForDeploymentPostprocessing = 0;
		};
		D8F9D7C31DAFD2FC000371CA /* Frameworks */ = {
			isa = PBXFrameworksBuildPhase;
			buildActionMask = 2147483647;
			files = (
			);
			runOnlyForDeploymentPostprocessing = 0;
		};
		D8F9D7CE1DAFD2FC000371CA /* Frameworks */ = {
			isa = PBXFrameworksBuildPhase;
			buildActionMask = 2147483647;
			files = (
			);
			runOnlyForDeploymentPostprocessing = 0;
		};
/* End PBXFrameworksBuildPhase section */

/* Begin PBXGroup section */
		D8F9D7A11DAFD2FC000371CA = {
			isa = PBXGroup;
			children = (
				D8F9D7AC1DAFD2FC000371CA /* QLoan */,
				D8F9D7C91DAFD2FC000371CA /* QLoanTests */,
				D8F9D7D41DAFD2FC000371CA /* QLoanUITests */,
				D8F9D7AB1DAFD2FC000371CA /* Products */,
			);
			sourceTree = "<group>";
		};
		D8F9D7AB1DAFD2FC000371CA /* Products */ = {
			isa = PBXGroup;
			children = (
				D8F9D7AA1DAFD2FC000371CA /* QLoan.app */,
				D8F9D7C61DAFD2FC000371CA /* QLoanTests.xctest */,
				D8F9D7D11DAFD2FC000371CA /* QLoanUITests.xctest */,
			);
			name = Products;
			sourceTree = "<group>";
		};
		D8F9D7AC1DAFD2FC000371CA /* QLoan */ = {
			isa = PBXGroup;
			children = (
				D8F9D7B01DAFD2FC000371CA /* AppDelegate.h */,
				D8F9D7B11DAFD2FC000371CA /* AppDelegate.m */,
				D8F9D7B31DAFD2FC000371CA /* FirstViewController.h */,
				D8F9D7B41DAFD2FC000371CA /* FirstViewController.m */,
				D8F9D7B61DAFD2FC000371CA /* SecondViewController.h */,
				D8F9D7B71DAFD2FC000371CA /* SecondViewController.m */,
				D8F9D7B91DAFD2FC000371CA /* Main.storyboard */,
				D8F9D7BC1DAFD2FC000371CA /* Assets.xcassets */,
				D8F9D7BE1DAFD2FC000371CA /* LaunchScreen.storyboard */,
				D8F9D7C11DAFD2FC000371CA /* Info.plist */,
				D8F9D7AD1DAFD2FC000371CA /* Supporting Files */,
			);
			path = QLoan;
			sourceTree = "<group>";
		};
		D8F9D7AD1DAFD2FC000371CA /* Supporting Files */ = {
			isa = PBXGroup;
			children = (
				D8F9D7AE1DAFD2FC000371CA /* main.m */,
			);
			name = "Supporting Files";
			sourceTree = "<group>";
		};
		D8F9D7C91DAFD2FC000371CA /* QLoanTests */ = {
			isa = PBXGroup;
			children = (
				D8F9D7CA1DAFD2FC000371CA /* QLoanTests.m */,
				D8F9D7CC1DAFD2FC000371CA /* Info.plist */,
			);
			path = QLoanTests;
			sourceTree = "<group>";
		};
		D8F9D7D41DAFD2FC000371CA /* QLoanUITests */ = {
			isa = PBXGroup;
			children = (
				D8F9D7D51DAFD2FC000371CA /* QLoanUITests.m */,
				D8F9D7D71DAFD2FC000371CA /* Info.plist */,
			);
			path = QLoanUITests;
			sourceTree = "<group>";
		};
/* End PBXGroup section */

/* Begin PBXNativeTarget section */
		D8F9D7A91DAFD2FC000371CA /* QLoan */ = {
			isa = PBXNativeTarget;
			buildConfigurationList = D8F9D7DA1DAFD2FC000371CA /* Build configuration list for PBXNativeTarget "QLoan" */;
			buildPhases = (
				D8F9D7A61DAFD2FC000371CA /* Sources */,
				D8F9D7A71DAFD2FC000371CA /* Frameworks */,
				D8F9D7A81DAFD2FC000371CA /* Resources */,
			);
			buildRules = (
			);
			dependencies = (
			);
			name = QLoan;
			productName = QLoan;
			productReference = D8F9D7AA1DAFD2FC000371CA /* QLoan.app */;
			productType = "com.apple.product-type.application";
		};
		D8F9D7C51DAFD2FC000371CA /* QLoanTests */ = {
			isa = PBXNativeTarget;
			buildConfigurationList = D8F9D7DD1DAFD2FC000371CA /* Build configuration list for PBXNativeTarget "QLoanTests" */;
			buildPhases = (
				D8F9D7C21DAFD2FC000371CA /* Sources */,
				D8F9D7C31DAFD2FC000371CA /* Frameworks */,
				D8F9D7C41DAFD2FC000371CA /* Resources */,
			);
			buildRules = (
			);
			dependencies = (
				D8F9D7C81DAFD2FC000371CA /* PBXTargetDependency */,
			);
			name = QLoanTests;
			productName = QLoanTests;
			productReference = D8F9D7C61DAFD2FC000371CA /* QLoanTests.xctest */;
			productType = "com.apple.product-type.bundle.unit-test";
		};
		D8F9D7D01DAFD2FC000371CA /* QLoanUITests */ = {
			isa = PBXNativeTarget;
			buildConfigurationList = D8F9D7E01DAFD2FC000371CA /* Build configuration list for PBXNativeTarget "QLoanUITests" */;
			buildPhases = (
				D8F9D7CD1DAFD2FC000371CA /* Sources */,
				D8F9D7CE1DAFD2FC000371CA /* Frameworks */,
				D8F9D7CF1DAFD2FC000371CA /* Resources */,
			);
			buildRules = (
			);
			dependencies = (
				D8F9D7D31DAFD2FC000371CA /* PBXTargetDependency */,
			);
			name = QLoanUITests;
			productName = QLoanUITests;
			productReference = D8F9D7D11DAFD2FC000371CA /* QLoanUITests.xctest */;
			productType = "com.apple.product-type.bundle.ui-testing";
		};
/* End PBXNativeTarget section */

/* Begin PBXProject section */
		D8F9D7A21DAFD2FC000371CA /* Project object */ = {
			isa = PBXProject;
			attributes = {
				LastUpgradeCheck = 0800;
				ORGANIZATIONNAME = "Rambler&Co";
				TargetAttributes = {
					D8F9D7A91DAFD2FC000371CA = {
						CreatedOnToolsVersion = 8.0;
						ProvisioningStyle = Automatic;
					};
					D8F9D7C51DAFD2FC000371CA = {
						CreatedOnToolsVersion = 8.0;
						ProvisioningStyle = Automatic;
						TestTargetID = D8F9D7A91DAFD2FC000371CA;
					};
					D8F9D7D01DAFD2FC000371CA = {
						CreatedOnToolsVersion = 8.0;
						ProvisioningStyle = Automatic;
						TestTargetID = D8F9D7A91DAFD2FC000371CA;
					};
				};
			};
			buildConfigurationList = D8F9D7A51DAFD2FC000371CA /* Build configuration list for PBXProject "QLoan" */;
			compatibilityVersion = "Xcode 3.2";
			developmentRegion = English;
			hasScannedForEncodings = 0;
			knownRegions = (
				en,
				Base,
			);
			mainGroup = D8F9D7A11DAFD2FC000371CA;
			productRefGroup = D8F9D7AB1DAFD2FC000371CA /* Products */;
			projectDirPath = "";
			projectRoot = "";
			targets = (
				D8F9D7A91DAFD2FC000371CA /* QLoan */,
				D8F9D7C51DAFD2FC000371CA /* QLoanTests */,
				D8F9D7D01DAFD2FC000371CA /* QLoanUITests */,
			);
		};
/* End PBXProject section */

/* Begin PBXResourcesBuildPhase section */
		D8F9D7A81DAFD2FC000371CA /* Resources */ = {
			isa = PBXResourcesBuildPhase;
			buildActionMask = 2147483647;
			files = (
				D8F9D7C01DAFD2FC000371CA /* LaunchScreen.storyboard in Resources */,
				D8F9D7BD1DAFD2FC000371CA /* Assets.xcassets in Resources */,
				D8F9D7BB1DAFD2FC000371CA /* Main.storyboard in Resources */,
			);
			runOnlyForDeploymentPostprocessing = 0;
		};
		D8F9D7C41DAFD2FC000371CA /* Resources */ = {
			isa = PBXResourcesBuildPhase;
			buildActionMask = 2147483647;
			files = (
			);
			runOnlyForDeploymentPostprocessing = 0;
		};
		D8F9D7CF1DAFD2FC000371CA /* Resources */ = {
			isa = PBXResourcesBuildPhase;
			buildActionMask = 2147483647;
			files = (
			);
			runOnlyForDeploymentPostprocessing = 0;
		};
/* End PBXResourcesBuildPhase section */

/* Begin PBXSourcesBuildPhase section */
		D8F9D7A61DAFD2FC000371CA /* Sources */ = {
			isa = PBXSourcesBuildPhase;
			buildActionMask = 2147483647;
			files = (
				D8F9D7B81DAFD2FC000371CA /* SecondViewController.m in Sources */,
				D8F9D7B21DAFD2FC000371CA /* AppDelegate.m in Sources */,
				D8F9D7B51DAFD2FC000371CA /* FirstViewController.m in Sources */,
				D8F9D7AF1DAFD2FC000371CA /* main.m in Sources */,
			);
			runOnlyForDeploymentPostprocessing = 0;
		};
		D8F9D7C21DAFD2FC000371CA /* Sources */ = {
			isa = PBXSourcesBuildPhase;
			buildActionMask = 2147483647;
			files = (
				D8F9D7CB1DAFD2FC000371CA /* QLoanTests.m in Sources */,
			);
			runOnlyForDeploymentPostprocessing = 0;
		};
		D8F9D7CD1DAFD2FC000371CA /* Sources */ = {
			isa = PBXSourcesBuildPhase;
			buildActionMask = 2147483647;
			files = (
				D8F9D7D61DAFD2FC000371CA /* QLoanUITests.m in Sources */,
			);
			runOnlyForDeploymentPostprocessing = 0;
		};
/* End PBXSourcesBuildPhase section */

/* Begin PBXTargetDependency section */
		D8F9D7C81DAFD2FC000371CA /* PBXTargetDependency */ = {
			isa = PBXTargetDependency;
			target = D8F9D7A91DAFD2FC000371CA /* QLoan */;
			targetProxy = D8F9D7C71DAFD2FC000371CA /* PBXContainerItemProxy */;
		};
		D8F9D7D31DAFD2FC000371CA /* PBXTargetDependency */ = {
			isa = PBXTargetDependency;
			target = D8F9D7A91DAFD2FC000371CA /* QLoan */;
			targetProxy = D8F9D7D21DAFD2FC000371CA /* PBXContainerItemProxy */;
		};
/* End PBXTargetDependency section */

/* Begin PBXVariantGroup section */
		D8F9D7B91DAFD2FC000371CA /* Main.storyboard */ = {
			isa = PBXVariantGroup;
			children = (
				D8F9D7BA1DAFD2FC000371CA /* Base */,
			);
			name = Main.storyboard;
			sourceTree = "<group>";
		};
		D8F9D7BE1DAFD2FC000371CA /* LaunchScreen.storyboard */ = {
			isa = PBXVariantGroup;
			children = (
				D8F9D7BF1DAFD2FC000371CA /* Base */,
			);
			name = LaunchScreen.storyboard;
			sourceTree = "<group>";
		};
/* End PBXVariantGroup section */

/* Begin XCBuildConfiguration section */
		D8F9D7D81DAFD2FC000371CA /* Debug */ = {
			isa = XCBuildConfiguration;
			buildSettings = {
				ALWAYS_SEARCH_USER_PATHS = NO;
				CLANG_ANALYZER_NONNULL = YES;
				CLANG_CXX_LANGUAGE_STANDARD = "gnu++0x";
				CLANG_CXX_LIBRARY = "libc++";
				CLANG_ENABLE_MODULES = YES;
				CLANG_ENABLE_OBJC_ARC = YES;
				CLANG_WARN_BOOL_CONVERSION = YES;
				CLANG_WARN_CONSTANT_CONVERSION = YES;
				CLANG_WARN_DIRECT_OBJC_ISA_USAGE = YES_ERROR;
				CLANG_WARN_DOCUMENTATION_COMMENTS = YES;
				CLANG_WARN_EMPTY_BODY = YES;
				CLANG_WARN_ENUM_CONVERSION = YES;
				CLANG_WARN_INFINITE_RECURSION = YES;
				CLANG_WARN_INT_CONVERSION = YES;
				CLANG_WARN_OBJC_ROOT_CLASS = YES_ERROR;
				CLANG_WARN_SUSPICIOUS_MOVES = YES;
				CLANG_WARN_UNREACHABLE_CODE = YES;
				CLANG_WARN__DUPLICATE_METHOD_MATCH = YES;
				"CODE_SIGN_IDENTITY[sdk=iphoneos*]" = "iPhone Developer";
				COPY_PHASE_STRIP = NO;
				DEBUG_INFORMATION_FORMAT = dwarf;
				ENABLE_STRICT_OBJC_MSGSEND = YES;
				ENABLE_TESTABILITY = YES;
				GCC_C_LANGUAGE_STANDARD = gnu99;
				GCC_DYNAMIC_NO_PIC = NO;
				GCC_NO_COMMON_BLOCKS = YES;
				GCC_OPTIMIZATION_LEVEL = 0;
				GCC_PREPROCESSOR_DEFINITIONS = (
					"DEBUG=1",
					"$(inherited)",
				);
				GCC_WARN_64_TO_32_BIT_CONVERSION = YES;
				GCC_WARN_ABOUT_RETURN_TYPE = YES_ERROR;
				GCC_WARN_UNDECLARED_SELECTOR = YES;
				GCC_WARN_UNINITIALIZED_AUTOS = YES_AGGRESSIVE;
				GCC_WARN_UNUSED_FUNCTION = YES;
				GCC_WARN_UNUSED_VARIABLE = YES;
				IPHONEOS_DEPLOYMENT_TARGET = 10.0;
				MTL_ENABLE_DEBUG_INFO = YES;
				ONLY_ACTIVE_ARCH = YES;
				SDKROOT = iphoneos;
				TARGETED_DEVICE_FAMILY = "1,2";
			};
			name = Debug;
		};
		D8F9D7D91DAFD2FC000371CA /* Release */ = {
			isa = XCBuildConfiguration;
			buildSettings = {
				ALWAYS_SEARCH_USER_PATHS = NO;
				CLANG_ANALYZER_NONNULL = YES;
				CLANG_CXX_LANGUAGE_STANDARD = "gnu++0x";
				CLANG_CXX_LIBRARY = "libc++";
				CLANG_ENABLE_MODULES = YES;
				CLANG_ENABLE_OBJC_ARC = YES;
				CLANG_WARN_BOOL_CONVERSION = YES;
				CLANG_WARN_CONSTANT_CONVERSION = YES;
				CLANG_WARN_DIRECT_OBJC_ISA_USAGE = YES_ERROR;
				CLANG_WARN_DOCUMENTATION_COMMENTS = YES;
				CLANG_WARN_EMPTY_BODY = YES;
				CLANG_WARN_ENUM_CONVERSION = YES;
				CLANG_WARN_INFINITE_RECURSION = YES;
				CLANG_WARN_INT_CONVERSION = YES;
				CLANG_WARN_OBJC_ROOT_CLASS = YES_ERROR;
				CLANG_WARN_SUSPICIOUS_MOVES = YES;
				CLANG_WARN_UNREACHABLE_CODE = YES;
				CLANG_WARN__DUPLICATE_METHOD_MATCH = YES;
				"CODE_SIGN_IDENTITY[sdk=iphoneos*]" = "iPhone Developer";
				COPY_PHASE_STRIP = NO;
				DEBUG_INFORMATION_FORMAT = "dwarf-with-dsym";
				ENABLE_NS_ASSERTIONS = NO;
				ENABLE_STRICT_OBJC_MSGSEND = YES;
				GCC_C_LANGUAGE_STANDARD = gnu99;
				GCC_NO_COMMON_BLOCKS = YES;
				GCC_WARN_64_TO_32_BIT_CONVERSION = YES;
				GCC_WARN_ABOUT_RETURN_TYPE = YES_ERROR;
				GCC_WARN_UNDECLARED_SELECTOR = YES;
				GCC_WARN_UNINITIALIZED_AUTOS = YES_AGGRESSIVE;
				GCC_WARN_UNUSED_FUNCTION = YES;
				GCC_WARN_UNUSED_VARIABLE = YES;
				IPHONEOS_DEPLOYMENT_TARGET = 10.0;
				MTL_ENABLE_DEBUG_INFO = NO;
				SDKROOT = iphoneos;
				TARGETED_DEVICE_FAMILY = "1,2";
				VALIDATE_PRODUCT = YES;
			};
			name = Release;
		};
		D8F9D7DB1DAFD2FC000371CA /* Debug */ = {
			isa = XCBuildConfiguration;
			buildSettings = {
				ASSETCATALOG_COMPILER_APPICON_NAME = AppIcon;
				INFOPLIST_FILE = QLoan/Info.plist;
				LD_RUNPATH_SEARCH_PATHS = "$(inherited) @executable_path/Frameworks";
				PRODUCT_BUNDLE_IDENTIFIER = ru.ramblerco.rambler.QLoan;
				PRODUCT_NAME = "$(TARGET_NAME)";
			};
			name = Debug;
		};
		D8F9D7DC1DAFD2FC000371CA /* Release */ = {
			isa = XCBuildConfiguration;
			buildSettings = {
				ASSETCATALOG_COMPILER_APPICON_NAME = AppIcon;
				INFOPLIST_FILE = QLoan/Info.plist;
				LD_RUNPATH_SEARCH_PATHS = "$(inherited) @executable_path/Frameworks";
				PRODUCT_BUNDLE_IDENTIFIER = ru.ramblerco.rambler.QLoan;
				PRODUCT_NAME = "$(TARGET_NAME)";
			};
			name = Release;
		};
		D8F9D7DE1DAFD2FC000371CA /* Debug */ = {
			isa = XCBuildConfiguration;
			buildSettings = {
				BUNDLE_LOADER = "$(TEST_HOST)";
				INFOPLIST_FILE = QLoanTests/Info.plist;
				LD_RUNPATH_SEARCH_PATHS = "$(inherited) @executable_path/Frameworks @loader_path/Frameworks";
				PRODUCT_BUNDLE_IDENTIFIER = ru.ramblerco.rambler.QLoanTests;
				PRODUCT_NAME = "$(TARGET_NAME)";
				TEST_HOST = "$(BUILT_PRODUCTS_DIR)/QLoan.app/QLoan";
			};
			name = Debug;
		};
		D8F9D7DF1DAFD2FC000371CA /* Release */ = {
			isa = XCBuildConfiguration;
			buildSettings = {
				BUNDLE_LOADER = "$(TEST_HOST)";
				INFOPLIST_FILE = QLoanTests/Info.plist;
				LD_RUNPATH_SEARCH_PATHS = "$(inherited) @executable_path/Frameworks @loader_path/Frameworks";
				PRODUCT_BUNDLE_IDENTIFIER = ru.ramblerco.rambler.QLoanTests;
				PRODUCT_NAME = "$(TARGET_NAME)";
				TEST_HOST = "$(BUILT_PRODUCTS_DIR)/QLoan.app/QLoan";
			};
			name = Release;
		};
		D8F9D7E11DAFD2FC000371CA /* Debug */ = {
			isa = XCBuildConfiguration;
			buildSettings = {
				INFOPLIST_FILE = QLoanUITests/Info.plist;
				LD_RUNPATH_SEARCH_PATHS = "$(inherited) @executable_path/Frameworks @loader_path/Frameworks";
				PRODUCT_BUNDLE_IDENTIFIER = ru.ramblerco.rambler.QLoanUITests;
				PRODUCT_NAME = "$(TARGET_NAME)";
				TEST_TARGET_NAME = QLoan;
			};
			name = Debug;
		};
		D8F9D7E21DAFD2FC000371CA /* Release */ = {
			isa = XCBuildConfiguration;
			buildSettings = {
				INFOPLIST_FILE = QLoanUITests/Info.plist;
				LD_RUNPATH_SEARCH_PATHS = "$(inherited) @executable_path/Frameworks @loader_path/Frameworks";
				PRODUCT_BUNDLE_IDENTIFIER = ru.ramblerco.rambler.QLoanUITests;
				PRODUCT_NAME = "$(TARGET_NAME)";
				TEST_TARGET_NAME = QLoan;
			};
			name = Release;
		};
/* End XCBuildConfiguration section */

/* Begin XCConfigurationList section */
		D8F9D7A51DAFD2FC000371CA /* Build configuration list for PBXProject "QLoan" */ = {
			isa = XCConfigurationList;
			buildConfigurations = (
				D8F9D7D81DAFD2FC000371CA /* Debug */,
				D8F9D7D91DAFD2FC000371CA /* Release */,
			);
			defaultConfigurationIsVisible = 0;
			defaultConfigurationName = Release;
		};
		D8F9D7DA1DAFD2FC000371CA /* Build configuration list for PBXNativeTarget "QLoan" */ = {
			isa = XCConfigurationList;
			buildConfigurations = (
				D8F9D7DB1DAFD2FC000371CA /* Debug */,
				D8F9D7DC1DAFD2FC000371CA /* Release */,
			);
			defaultConfigurationIsVisible = 0;
		};
		D8F9D7DD1DAFD2FC000371CA /* Build configuration list for PBXNativeTarget "QLoanTests" */ = {
			isa = XCConfigurationList;
			buildConfigurations = (
				D8F9D7DE1DAFD2FC000371CA /* Debug */,
				D8F9D7DF1DAFD2FC000371CA /* Release */,
			);
			defaultConfigurationIsVisible = 0;
		};
		D8F9D7E01DAFD2FC000371CA /* Build configuration list for PBXNativeTarget "QLoanUITests" */ = {
			isa = XCConfigurationList;
			buildConfigurations = (
				D8F9D7E11DAFD2FC000371CA /* Debug */,
				D8F9D7E21DAFD2FC000371CA /* Release */,
			);
			defaultConfigurationIsVisible = 0;
		};
/* End XCConfigurationList section */
	};
	rootObject = D8F9D7A21DAFD2FC000371CA /* Project object */;
}
